<?xml version="1.0" encoding="utf-8"?>
<Project ToolsVersion="4.0" xmlns="http://schemas.microsoft.com/developer/msbuild/2003">
  <ItemGroup>
    <Filter Include="リソース ファイル">
      <UniqueIdentifier>{67DA6AB6-F800-4c08-8B7A-83BB121AAD01}</UniqueIdentifier>
      <Extensions>rc;ico;cur;bmp;dlg;rc2;rct;bin;rgs;gif;jpg;jpeg;jpe;resx;tiff;tif;png;wav;mfcribbon-ms</Extensions>
    </Filter>
    <Filter Include="ManagerFile">
      <UniqueIdentifier>{93995380-89BD-4b04-88EB-625FBE52EBFB}</UniqueIdentifier>
      <Extensions>h;hh;hpp;hxx;h++;hm;inl;inc;ipp;xsd</Extensions>
    </Filter>
    <Filter Include="MainFile">
      <UniqueIdentifier>{4FC737F1-C7A5-4376-A066-2A32D752A2FF}</UniqueIdentifier>
      <Extensions>cpp;c;cc;cxx;c++;cppm;ixx;def;odl;idl;hpj;bat;asm;asmx</Extensions>
    </Filter>
    <Filter Include="ManagerFile\Game">
      <UniqueIdentifier>{9daf35ae-67ac-4245-bd92-8425e1b7a634}</UniqueIdentifier>
    </Filter>
    <Filter Include="CharcterFile">
      <UniqueIdentifier>{0d02c0c0-6597-4714-bd1a-9406aea9bde9}</UniqueIdentifier>
    </Filter>
    <Filter Include="TimeFile">
      <UniqueIdentifier>{06da295f-ed32-4cf6-90e2-69aee6527120}</UniqueIdentifier>
    </Filter>
    <Filter Include="ColliderFile">
      <UniqueIdentifier>{76926fdb-5699-4eaf-ba5b-5b1e0c078ca1}</UniqueIdentifier>
    </Filter>
    <Filter Include="MathFile">
      <UniqueIdentifier>{8ab0a0dc-f0e6-4f4d-9edf-037bfe8d8f46}</UniqueIdentifier>
    </Filter>
    <Filter Include="ManagerFile\Seane">
      <UniqueIdentifier>{2ac4e504-2e60-4a5b-9c0f-d7976f73cd84}</UniqueIdentifier>
    </Filter>
    <Filter Include="TransformFile">
      <UniqueIdentifier>{a54386ee-2fe1-4107-b115-b5be0b94ea42}</UniqueIdentifier>
    </Filter>
    <Filter Include="MathFile\Math">
      <UniqueIdentifier>{6dac8d5d-585a-43db-8632-bb898304ec91}</UniqueIdentifier>
    </Filter>
    <Filter Include="MathFile\Geometry">
      <UniqueIdentifier>{73e172cf-2137-4601-8ffd-3f88edd27923}</UniqueIdentifier>
    </Filter>
    <Filter Include="CharcterFile\Base">
      <UniqueIdentifier>{9bce4a27-3bcb-4681-90c8-6597b152779c}</UniqueIdentifier>
    </Filter>
    <Filter Include="MathFile\Collider">
      <UniqueIdentifier>{77663d87-8f8f-4fc7-9b44-cf4599b55b66}</UniqueIdentifier>
    </Filter>
    <Filter Include="MathFile\Collider\CollisionTest">
      <UniqueIdentifier>{749c6a25-473e-44f1-ac9a-449874a61649}</UniqueIdentifier>
    </Filter>
    <Filter Include="MathFile\Collider\ColliderMath">
      <UniqueIdentifier>{788e6c56-04aa-493c-ad58-028a7100a619}</UniqueIdentifier>
    </Filter>
    <Filter Include="ColliderFile\CapsuleFile">
      <UniqueIdentifier>{7860b7f0-3bd8-472d-a737-6f3793a1b008}</UniqueIdentifier>
    </Filter>
    <Filter Include="ColliderFile\SphereFile">
      <UniqueIdentifier>{0cc5d294-008b-4420-bb21-b628ff655c4f}</UniqueIdentifier>
    </Filter>
    <Filter Include="ColliderFile\InterfaceFile">
      <UniqueIdentifier>{dedd6c35-fbb1-41cd-bbc0-ed9c06b559fa}</UniqueIdentifier>
    </Filter>
    <Filter Include="CameraFile">
      <UniqueIdentifier>{0588d8b1-bcad-4720-8ce4-dcbd557828ea}</UniqueIdentifier>
    </Filter>
  </ItemGroup>
  <ItemGroup>
    <ClCompile Include="main.cpp">
      <Filter>MainFile</Filter>
    </ClCompile>
    <ClCompile Include="GameManager.cpp">
      <Filter>ManagerFile\Game</Filter>
    </ClCompile>
    <ClCompile Include="Time.cpp">
      <Filter>TimeFile</Filter>
    </ClCompile>
    <ClCompile Include="ColliderMath.cpp">
      <Filter>MathFile\Collider\ColliderMath</Filter>
    </ClCompile>
    <ClCompile Include="CapsuleCollider.cpp">
      <Filter>ColliderFile\CapsuleFile</Filter>
    </ClCompile>
    <ClCompile Include="SphereCollider.cpp">
      <Filter>ColliderFile\SphereFile</Filter>
    </ClCompile>
  </ItemGroup>
  <ItemGroup>
    <ClInclude Include="GameManager.hpp">
      <Filter>ManagerFile\Game</Filter>
    </ClInclude>
    <ClInclude Include="Time.hpp">
      <Filter>TimeFile</Filter>
    </ClInclude>
    <ClInclude Include="Character.hpp">
      <Filter>CharcterFile\Base</Filter>
    </ClInclude>
    <ClInclude Include="ColliderMath.hpp">
      <Filter>MathFile\Collider\ColliderMath</Filter>
    </ClInclude>
    <ClInclude Include="DxMath.hpp">
      <Filter>MathFile\Math</Filter>
    </ClInclude>
    <ClInclude Include="MathUtil.hpp">
      <Filter>MathFile\Math</Filter>
    </ClInclude>
    <ClInclude Include="Geometry.hpp">
      <Filter>MathFile\Geometry</Filter>
    </ClInclude>
    <ClInclude Include="Transform.hpp">
      <Filter>TransformFile</Filter>
    </ClInclude>
    <ClInclude Include="CollisionTest.hpp">
      <Filter>MathFile\Collider\CollisionTest</Filter>
    </ClInclude>
    <ClInclude Include="CollisionTest.cpp">
      <Filter>MathFile\Collider\CollisionTest</Filter>
    </ClInclude>
    <ClInclude Include="CapsuleCollider.hpp">
      <Filter>ColliderFile\CapsuleFile</Filter>
    </ClInclude>
    <ClInclude Include="SphereCollider.hpp">
      <Filter>ColliderFile\SphereFile</Filter>
    </ClInclude>
    <ClInclude Include="ICollider.hpp">
      <Filter>ColliderFile\InterfaceFile</Filter>
    </ClInclude>
    <ClInclude Include="Camera.h">
      <Filter>CameraFile</Filter>
    </ClInclude>
  </ItemGroup>
</Project>